{
  "name": "@sjcrh/proteinpaint-python",
  "version": "2.113.1",
  "lockfileVersion": 3,
  "requires": true,
  "packages": {
    "": {
      "name": "@sjcrh/proteinpaint-python",
      "version": "2.113.1",
      "license": "SEE LICENSE IN ./LICENSE",
      "bin": {
        "proteinpaint-python": "index.js"
      }
    }
  }
}
